# ==========================================================================
# requirements.arm64.lock — DEV lock, frozen on linux/arm64 (Apple Silicon,
# via Dockerfile.dev which has no --platform pin). NOT the production lock.
#
# Production targets linux/amd64 (Dockerfile: FROM --platform=linux/amd64),
# so this arm64 freeze is not guaranteed to reproduce on amd64 (some pinned
# versions may lack amd64 wheels / resolve differently for the binary stack:
# rasterio, GDAL, eccodes, cfgrib, PyMuPDF, tiktoken, psycopg, numpy, etc.).
#
# Canonical lock: generate on amd64 from the prod build (run
# scripts/build_venv.sh in the amd64 image, then `pip freeze`) and commit it
# as requirements.lock. Use this file only for arm64 dev reproducibility.
# ==========================================================================
a2a-sdk==1.1.0
affine==2.4.0
aiohappyeyeballs==2.7.1
aiohttp==3.14.1
aiologic==0.17.1
aiosignal==1.4.0
amqp==5.3.1
annotated-types==0.7.0
anyio==4.14.1
asgiref==3.11.1
attrs==26.1.0
beautifulsoup4==4.15.0
billiard==4.2.4
cdsapi==0.7.7
celery==5.6.3
certifi==2026.6.17
cffi==2.0.0
cfgrib==0.9.15.1
cftime==1.6.5
chardet==7.4.3
charset-normalizer==3.4.7
click==8.4.2
click-didyoumean==0.3.1
click-plugins==1.1.1.2
click-repl==0.3.0
cligj==0.7.2
cloudpickle==3.1.2
contourpy==1.3.3
coverage==7.14.3
cryptography==49.0.0
culsans==0.11.0
cycler==0.12.1
dask==2026.6.0
distro==1.9.0
Django==5.2.15
DSSATTools @ file:///app/_DSSATTools
eccodes==2.47.0
eccodeslib==2.47.3.22
eckitlib==2.1.0.22
ecmwf-datastores-client==0.5.1
findlibs==0.1.2
fonttools==4.63.0
frozenlist==1.8.0
fsspec==2026.6.0
geopandas==1.1.4
google-api-core==2.31.0
google-auth==2.55.1
googleapis-common-protos==1.75.0
greenlet==3.5.3
gunicorn==26.0.0
h11==0.16.0
httpcore==1.0.9
httpx==0.28.1
httpx-sse==0.4.3
idna==3.18
importlib_metadata==9.0.0
iniconfig==2.3.0
joblib==1.5.3
json-rpc==1.15.0
jsonpatch==1.33
jsonpointer==3.1.1
kiwisolver==1.5.0
kombu==5.6.2
langchain==1.3.11
langchain-classic==1.0.8
langchain-community==0.4.2
langchain-core==1.4.8
langchain-ollama==1.1.0
langchain-protocol==0.0.18
langchain-text-splitters==1.1.2
langgraph==1.2.7
langgraph-checkpoint==4.1.1
langgraph-checkpoint-postgres==3.1.0
langgraph-prebuilt==1.1.0
langgraph-sdk==0.4.2
langsmith==0.9.5
locket==1.0.0
matplotlib==3.11.0
multidict==6.7.1
multiurl==0.3.9
narwhals==2.23.0
netCDF4==1.7.4
numpy==2.4.6
ollama==0.6.2
orjson==3.11.9
ormsgpack==1.12.2
packaging==26.2
pandas==3.0.3
partd==1.4.2
pdfminer.six==20260107
pdfplumber==0.11.10
pgvector==0.4.2
pillow==12.3.0
platformdirs==4.10.0
pluggy==1.6.0
pooch==1.9.0
prompt_toolkit==3.0.52
propcache==0.5.2
proto-plus==1.28.0
protobuf==6.33.6
psycopg==3.3.4
psycopg-binary==3.3.4
psycopg-pool==3.3.1
psycopg2-binary==2.9.12
py==1.11.0
pyasn1==0.6.3
pyasn1_modules==0.4.2
pycparser==3.0
pydantic==2.13.4
pydantic-settings==2.14.2
pydantic_core==2.46.4
Pygments==2.20.0
pymupdf==1.28.0
pyogrio==0.13.0
pyparsing==3.3.2
pypdfium2==5.11.0
pyproj==3.7.2
pytest==9.1.1
pytest-cov==7.1.0
pytest-django==4.12.0
python-dateutil==2.9.0.post0
python-dotenv==1.2.2
pytz==2026.2
PyYAML==6.0.3
rasterio==1.4.4
rdflib==7.6.0
redis==6.4.0
regex==2026.6.28
regionmask==0.13.0
requests==2.34.2
requests-toolbelt==1.0.0
rosetta-soil==0.3.2
scikit-learn==1.9.0
scipy==1.17.1
shapely==2.1.2
six==1.17.0
sniffio==1.3.1
soupsieve==2.8.4
SQLAlchemy==2.0.51
sqlparse==0.5.5
sse-starlette==3.4.5
starlette==1.3.1
tenacity==9.1.4
threadpoolctl==3.6.0
tiktoken==0.13.0
toml==0.10.2
tomli==2.4.1
toolz==1.1.0
tqdm==4.68.3
typing-inspection==0.4.2
typing_extensions==4.15.0
tzdata==2026.2
tzlocal==5.4.4
urllib3==2.7.0
uuid_utils==0.16.2
uvicorn==0.49.0
vine==5.1.0
wcwidth==0.8.2
websockets==15.0.1
whitenoise==6.12.0
wrapt==2.2.2
xarray==2026.4.0
xxhash==3.8.0
yarl==1.24.2
zipp==4.1.0
zstandard==0.25.0
